
Microsoft Visual Studio Solution File, Format Version 12.00
# Visual Studio 15
Project("{FAE04EC0-301F-11D3-BF4B-00C04F79EFBC}") = "Assembly-CSharp", "Assembly-CSharp.csproj", "{37BBB79C-631A-7E96-0722-B7FA7F8C5C2E}"
EndProject
Project("{FAE04EC0-301F-11D3-BF4B-00C04F79EFBC}") = "PhotonUnityNetworking.Utilities", "PhotonUnityNetworking.Utilities.csproj", "{7504B87E-F940-8830-E123-27AF26034FC0}"
EndProject
Project("{FAE04EC0-301F-11D3-BF4B-00C04F79EFBC}") = "Assembly-CSharp-firstpass", "Assembly-CSharp-firstpass.csproj", "{E803CBED-F713-DD1E-1F96-09010404E815}"
EndProject
Project("{FAE04EC0-301F-11D3-BF4B-00C04F79EFBC}") = "PhotonChat", "PhotonChat.csproj", "{D75A39B6-6D1E-BCFB-6A33-094353656D51}"
EndProject
Project("{FAE04EC0-301F-11D3-BF4B-00C04F79EFBC}") = "PhotonUnityNetworking", "PhotonUnityNetworking.csproj", "{B82DC8BD-3D04-C074-A6F3-53DD9EA6FCE5}"
EndProject
Project("{FAE04EC0-301F-11D3-BF4B-00C04F79EFBC}") = "PhotonRealtime", "PhotonRealtime.csproj", "{A1F29B38-75F7-C526-0302-B779935C87F0}"
EndProject
Project("{FAE04EC0-301F-11D3-BF4B-00C04F79EFBC}") = "PhotonWebSocket", "PhotonWebSocket.csproj", "{7BC0EEE8-ED61-5DCF-3EA8-6FF6FDD3E943}"
EndProject
Project("{FAE04EC0-301F-11D3-BF4B-00C04F79EFBC}") = "Assembly-CSharp-Editor-firstpass", "Assembly-CSharp-Editor-firstpass.csproj", "{075D8CA2-46CF-A42C-30C6-8BD5ABE058B7}"
EndProject
Project("{FAE04EC0-301F-11D3-BF4B-00C04F79EFBC}") = "PhotonUnityNetworking.Editor", "PhotonUnityNetworking.Editor.csproj", "{2756485E-D175-9028-AC88-34565AA101E2}"
EndProject
Project("{FAE04EC0-301F-11D3-BF4B-00C04F79EFBC}") = "Assembly-CSharp-Editor", "Assembly-CSharp-Editor.csproj", "{642D5087-BB46-AEE7-4B13-4EC19971E9DF}"
EndProject
Project("{FAE04EC0-301F-11D3-BF4B-00C04F79EFBC}") = "PhotonUnityNetworking.Utilities.PhotonPlayer.Editor", "PhotonUnityNetworking.Utilities.PhotonPlayer.Editor.csproj", "{FEEDA0F9-338B-14CF-37C6-D9AA6624146A}"
EndProject
Project("{FAE04EC0-301F-11D3-BF4B-00C04F79EFBC}") = "PhotonUnityNetworking.Utilities.Culling.Editor", "PhotonUnityNetworking.Utilities.Culling.Editor.csproj", "{B9AA2124-6948-C59B-F110-047B9CD74E31}"
EndProject
Global
	GlobalSection(SolutionConfigurationPlatforms) = preSolution
		Debug|Any CPU = Debug|Any CPU
		Release|Any CPU = Release|Any CPU
	EndGlobalSection
	GlobalSection(ProjectConfigurationPlatforms) = postSolution
		{37BBB79C-631A-7E96-0722-B7FA7F8C5C2E}.Debug|Any CPU.ActiveCfg = Debug|Any CPU
		{37BBB79C-631A-7E96-0722-B7FA7F8C5C2E}.Debug|Any CPU.Build.0 = Debug|Any CPU
		{37BBB79C-631A-7E96-0722-B7FA7F8C5C2E}.Release|Any CPU.ActiveCfg = Release|Any CPU
		{37BBB79C-631A-7E96-0722-B7FA7F8C5C2E}.Release|Any CPU.Build.0 = Release|Any CPU
		{7504B87E-F940-8830-E123-27AF26034FC0}.Debug|Any CPU.ActiveCfg = Debug|Any CPU
		{7504B87E-F940-8830-E123-27AF26034FC0}.Debug|Any CPU.Build.0 = Debug|Any CPU
		{7504B87E-F940-8830-E123-27AF26034FC0}.Release|Any CPU.ActiveCfg = Release|Any CPU
		{7504B87E-F940-8830-E123-27AF26034FC0}.Release|Any CPU.Build.0 = Release|Any CPU
		{E803CBED-F713-DD1E-1F96-09010404E815}.Debug|Any CPU.ActiveCfg = Debug|Any CPU
		{E803CBED-F713-DD1E-1F96-09010404E815}.Debug|Any CPU.Build.0 = Debug|Any CPU
		{E803CBED-F713-DD1E-1F96-09010404E815}.Release|Any CPU.ActiveCfg = Release|Any CPU
		{E803CBED-F713-DD1E-1F96-09010404E815}.Release|Any CPU.Build.0 = Release|Any CPU
		{D75A39B6-6D1E-BCFB-6A33-094353656D51}.Debug|Any CPU.ActiveCfg = Debug|Any CPU
		{D75A39B6-6D1E-BCFB-6A33-094353656D51}.Debug|Any CPU.Build.0 = Debug|Any CPU
		{D75A39B6-6D1E-BCFB-6A33-094353656D51}.Release|Any CPU.ActiveCfg = Release|Any CPU
		{D75A39B6-6D1E-BCFB-6A33-094353656D51}.Release|Any CPU.Build.0 = Release|Any CPU
		{B82DC8BD-3D04-C074-A6F3-53DD9EA6FCE5}.Debug|Any CPU.ActiveCfg = Debug|Any CPU
		{B82DC8BD-3D04-C074-A6F3-53DD9EA6FCE5}.Debug|Any CPU.Build.0 = Debug|Any CPU
		{B82DC8BD-3D04-C074-A6F3-53DD9EA6FCE5}.Release|Any CPU.ActiveCfg = Release|Any CPU
		{B82DC8BD-3D04-C074-A6F3-53DD9EA6FCE5}.Release|Any CPU.Build.0 = Release|Any CPU
		{A1F29B38-75F7-C526-0302-B779935C87F0}.Debug|Any CPU.ActiveCfg = Debug|Any CPU
		{A1F29B38-75F7-C526-0302-B779935C87F0}.Debug|Any CPU.Build.0 = Debug|Any CPU
		{A1F29B38-75F7-C526-0302-B779935C87F0}.Release|Any CPU.ActiveCfg = Release|Any CPU
		{A1F29B38-75F7-C526-0302-B779935C87F0}.Release|Any CPU.Build.0 = Release|Any CPU
		{7BC0EEE8-ED61-5DCF-3EA8-6FF6FDD3E943}.Debug|Any CPU.ActiveCfg = Debug|Any CPU
		{7BC0EEE8-ED61-5DCF-3EA8-6FF6FDD3E943}.Debug|Any CPU.Build.0 = Debug|Any CPU
		{7BC0EEE8-ED61-5DCF-3EA8-6FF6FDD3E943}.Release|Any CPU.ActiveCfg = Release|Any CPU
		{7BC0EEE8-ED61-5DCF-3EA8-6FF6FDD3E943}.Release|Any CPU.Build.0 = Release|Any CPU
		{075D8CA2-46CF-A42C-30C6-8BD5ABE058B7}.Debug|Any CPU.ActiveCfg = Debug|Any CPU
		{075D8CA2-46CF-A42C-30C6-8BD5ABE058B7}.Debug|Any CPU.Build.0 = Debug|Any CPU
		{075D8CA2-46CF-A42C-30C6-8BD5ABE058B7}.Release|Any CPU.ActiveCfg = Release|Any CPU
		{075D8CA2-46CF-A42C-30C6-8BD5ABE058B7}.Release|Any CPU.Build.0 = Release|Any CPU
		{2756485E-D175-9028-AC88-34565AA101E2}.Debug|Any CPU.ActiveCfg = Debug|Any CPU
		{2756485E-D175-9028-AC88-34565AA101E2}.Debug|Any CPU.Build.0 = Debug|Any CPU
		{2756485E-D175-9028-AC88-34565AA101E2}.Release|Any CPU.ActiveCfg = Release|Any CPU
		{2756485E-D175-9028-AC88-34565AA101E2}.Release|Any CPU.Build.0 = Release|Any CPU
		{642D5087-BB46-AEE7-4B13-4EC19971E9DF}.Debug|Any CPU.ActiveCfg = Debug|Any CPU
		{642D5087-BB46-AEE7-4B13-4EC19971E9DF}.Debug|Any CPU.Build.0 = Debug|Any CPU
		{642D5087-BB46-AEE7-4B13-4EC19971E9DF}.Release|Any CPU.ActiveCfg = Release|Any CPU
		{642D5087-BB46-AEE7-4B13-4EC19971E9DF}.Release|Any CPU.Build.0 = Release|Any CPU
		{FEEDA0F9-338B-14CF-37C6-D9AA6624146A}.Debug|Any CPU.ActiveCfg = Debug|Any CPU
		{FEEDA0F9-338B-14CF-37C6-D9AA6624146A}.Debug|Any CPU.Build.0 = Debug|Any CPU
		{FEEDA0F9-338B-14CF-37C6-D9AA6624146A}.Release|Any CPU.ActiveCfg = Release|Any CPU
		{FEEDA0F9-338B-14CF-37C6-D9AA6624146A}.Release|Any CPU.Build.0 = Release|Any CPU
		{B9AA2124-6948-C59B-F110-047B9CD74E31}.Debug|Any CPU.ActiveCfg = Debug|Any CPU
		{B9AA2124-6948-C59B-F110-047B9CD74E31}.Debug|Any CPU.Build.0 = Debug|Any CPU
		{B9AA2124-6948-C59B-F110-047B9CD74E31}.Release|Any CPU.ActiveCfg = Release|Any CPU
		{B9AA2124-6948-C59B-F110-047B9CD74E31}.Release|Any CPU.Build.0 = Release|Any CPU
	EndGlobalSection
	GlobalSection(SolutionProperties) = preSolution
		HideSolutionNode = FALSE
	EndGlobalSection
EndGlobal
